
Microsoft Visual Studio Solution File, Format Version 12.00
# Visual Studio 15
VisualStudioVersion = 15.0.27703.2035
MinimumVisualStudioVersion = 10.0.40219.1
Project("{8BC9CEB8-8B4A-11D0-8D11-00A0C91BC942}") = "Test", "Test\Test.vcxproj", "{689F2DDD-1858-499D-BA79-72BA02D00D45}"
EndProject
Project("{8BC9CEB8-8B4A-11D0-8D11-00A0C91BC942}") = "r_code", "r_code\r_code.vcxproj", "{6F4E1695-BBEF-46D1-B0C0-1B71A65FAD66}"
EndProject
Project("{8BC9CEB8-8B4A-11D0-8D11-00A0C91BC942}") = "r_comp", "r_comp\r_comp.vcxproj", "{345E47D7-90E9-482B-AD10-C11CC828E197}"
EndProject
Project("{8BC9CEB8-8B4A-11D0-8D11-00A0C91BC942}") = "r_exec", "r_exec\r_exec.vcxproj", "{C36B96EC-EF72-4B21-87BE-2130E997BDA0}"
EndProject
Project("{8BC9CEB8-8B4A-11D0-8D11-00A0C91BC942}") = "usr_operators", "usr_operators\usr_operators.vcxproj", "{3DE12B3F-D45E-46E1-B501-E294009AD4B9}"
EndProject
Project("{8BC9CEB8-8B4A-11D0-8D11-00A0C91BC942}") = "CorrelatorTest", "CorrelatorTest\CorrelatorTest.vcxproj", "{E8899166-D31E-47A5-9E45-FFC99999CB7D}"
EndProject
Project("{8BC9CEB8-8B4A-11D0-8D11-00A0C91BC942}") = "output_window", "output_window\output_window.vcxproj", "{D6CF951E-F865-4A26-8CCC-D4D5C67EAF93}"
EndProject
Global
	GlobalSection(SolutionConfigurationPlatforms) = preSolution
		Debug|Win32 = Debug|Win32
		Release|Win32 = Release|Win32
	EndGlobalSection
	GlobalSection(ProjectConfigurationPlatforms) = postSolution
		{689F2DDD-1858-499D-BA79-72BA02D00D45}.Debug|Win32.ActiveCfg = Debug|Win32
		{689F2DDD-1858-499D-BA79-72BA02D00D45}.Debug|Win32.Build.0 = Debug|Win32
		{689F2DDD-1858-499D-BA79-72BA02D00D45}.Release|Win32.ActiveCfg = Release|Win32
		{689F2DDD-1858-499D-BA79-72BA02D00D45}.Release|Win32.Build.0 = Release|Win32
		{6F4E1695-BBEF-46D1-B0C0-1B71A65FAD66}.Debug|Win32.ActiveCfg = Debug|Win32
		{6F4E1695-BBEF-46D1-B0C0-1B71A65FAD66}.Debug|Win32.Build.0 = Debug|Win32
		{6F4E1695-BBEF-46D1-B0C0-1B71A65FAD66}.Release|Win32.ActiveCfg = Release|Win32
		{6F4E1695-BBEF-46D1-B0C0-1B71A65FAD66}.Release|Win32.Build.0 = Release|Win32
		{345E47D7-90E9-482B-AD10-C11CC828E197}.Debug|Win32.ActiveCfg = Debug|Win32
		{345E47D7-90E9-482B-AD10-C11CC828E197}.Debug|Win32.Build.0 = Debug|Win32
		{345E47D7-90E9-482B-AD10-C11CC828E197}.Release|Win32.ActiveCfg = Release|Win32
		{345E47D7-90E9-482B-AD10-C11CC828E197}.Release|Win32.Build.0 = Release|Win32
		{C36B96EC-EF72-4B21-87BE-2130E997BDA0}.Debug|Win32.ActiveCfg = Debug|Win32
		{C36B96EC-EF72-4B21-87BE-2130E997BDA0}.Debug|Win32.Build.0 = Debug|Win32
		{C36B96EC-EF72-4B21-87BE-2130E997BDA0}.Release|Win32.ActiveCfg = Release|Win32
		{C36B96EC-EF72-4B21-87BE-2130E997BDA0}.Release|Win32.Build.0 = Release|Win32
		{3DE12B3F-D45E-46E1-B501-E294009AD4B9}.Debug|Win32.ActiveCfg = Debug|Win32
		{3DE12B3F-D45E-46E1-B501-E294009AD4B9}.Debug|Win32.Build.0 = Debug|Win32
		{3DE12B3F-D45E-46E1-B501-E294009AD4B9}.Release|Win32.ActiveCfg = Release|Win32
		{3DE12B3F-D45E-46E1-B501-E294009AD4B9}.Release|Win32.Build.0 = Release|Win32
		{E8899166-D31E-47A5-9E45-FFC99999CB7D}.Debug|Win32.ActiveCfg = Debug|Win32
		{E8899166-D31E-47A5-9E45-FFC99999CB7D}.Debug|Win32.Build.0 = Debug|Win32
		{E8899166-D31E-47A5-9E45-FFC99999CB7D}.Release|Win32.ActiveCfg = Release|Win32
		{E8899166-D31E-47A5-9E45-FFC99999CB7D}.Release|Win32.Build.0 = Release|Win32
		{D6CF951E-F865-4A26-8CCC-D4D5C67EAF93}.Debug|Win32.ActiveCfg = Debug|Win32
		{D6CF951E-F865-4A26-8CCC-D4D5C67EAF93}.Debug|Win32.Build.0 = Debug|Win32
		{D6CF951E-F865-4A26-8CCC-D4D5C67EAF93}.Release|Win32.ActiveCfg = Release|Win32
		{D6CF951E-F865-4A26-8CCC-D4D5C67EAF93}.Release|Win32.Build.0 = Release|Win32
	EndGlobalSection
	GlobalSection(SolutionProperties) = preSolution
		HideSolutionNode = FALSE
	EndGlobalSection
	GlobalSection(ExtensibilityGlobals) = postSolution
		SolutionGuid = {92CE84AB-E34B-437B-A2BE-BB8723A1BAE5}
	EndGlobalSection
EndGlobal
