<?xml version="1.0" encoding="utf-8"?>
<Project ToolsVersion="4.0" xmlns="http://schemas.microsoft.com/developer/msbuild/2003">
  <ItemGroup>
    <ClCompile Include="test_mem.cpp" />
    <ClCompile Include="main.cpp" />
    <ClCompile Include="IODevices\TCP\tcp_connection.cpp">
      <Filter>IODevices\TCP</Filter>
    </ClCompile>
    <ClCompile Include="IODevices\TCP\tcp_io_device.cpp">
      <Filter>IODevices\TCP</Filter>
    </ClCompile>
    <ClCompile Include="IODevices\video_screen\video_screen.cpp">
      <Filter>IODevices\video_screen</Filter>
    </ClCompile>
    <ClCompile Include="IODevices\video_screen\video_screen_io_device.cpp">
      <Filter>IODevices\video_screen</Filter>
    </ClCompile>
    <ClCompile Include="AERA_main.cpp" />
    <ClCompile Include="IODevices\TCP\AERA_Protobuf\tcp_data_message.pb.cc" />
  </ItemGroup>
  <ItemGroup>
    <ClInclude Include="settings.h" />
    <ClInclude Include="test_mem.h" />
    <ClInclude Include="IODevices\TCP\tcp_connection.h">
      <Filter>IODevices\TCP</Filter>
    </ClInclude>
    <ClInclude Include="IODevices\TCP\tcp_io_device.h">
      <Filter>IODevices\TCP</Filter>
    </ClInclude>
    <ClInclude Include="IODevices\video_screen\video_screen.h">
      <Filter>IODevices\video_screen</Filter>
    </ClInclude>
    <ClInclude Include="IODevices\video_screen\video_screen_io_device.h">
      <Filter>IODevices\video_screen</Filter>
    </ClInclude>
    <ClInclude Include="main.h" />
    <ClInclude Include="IODevices\TCP\AERA_Protobuf\tcp_data_message.pb.h" />
    <ClInclude Include="IODevices\TCP\AERA_Protobuf\utils.h" />
  </ItemGroup>
  <ItemGroup>
    <CustomBuild Include="settings.xml" />
  </ItemGroup>
  <ItemGroup>
    <Filter Include="Demo1">
      <UniqueIdentifier>{f0310363-2f34-4eea-b9b7-d96fa1abfeec}</UniqueIdentifier>
    </Filter>
    <Filter Include="Correlator.Data.Generation">
      <UniqueIdentifier>{77df19dd-fc6b-441d-86df-6bb74ccc89a6}</UniqueIdentifier>
    </Filter>
    <Filter Include="replicode_v1.2">
      <UniqueIdentifier>{db5be7d5-6b09-4f93-a7a0-1482d6427fd4}</UniqueIdentifier>
    </Filter>
    <Filter Include="replicode_v1.1">
      <UniqueIdentifier>{5f868cb5-792b-4256-8b43-30fa597536eb}</UniqueIdentifier>
    </Filter>
    <Filter Include="IODevices">
      <UniqueIdentifier>{f5e2d18c-e8f6-43d3-a707-8c852d2411da}</UniqueIdentifier>
    </Filter>
    <Filter Include="IODevices\TCP">
      <UniqueIdentifier>{aff273df-e058-400a-8aff-510b1123a5ff}</UniqueIdentifier>
    </Filter>
    <Filter Include="IODevices\video_screen">
      <UniqueIdentifier>{8da07ab6-5d70-4e7d-93e5-af3962f08372}</UniqueIdentifier>
    </Filter>
  </ItemGroup>
  <ItemGroup>
    <None Include="Demo1\initial.HLP.replicode">
      <Filter>Demo1</Filter>
    </None>
    <None Include="Demo1\main.replicode">
      <Filter>Demo1</Filter>
    </None>
    <None Include="Demo1\sim.devices.replicode">
      <Filter>Demo1</Filter>
    </None>
    <None Include="Demo1\std.replicode">
      <Filter>Demo1</Filter>
    </None>
    <None Include="Demo1\test.1.replicode">
      <Filter>Demo1</Filter>
    </None>
    <None Include="Demo1\user.classes.replicode">
      <Filter>Demo1</Filter>
    </None>
    <None Include="Correlator.Data.Generation\motor.babbling.replicode">
      <Filter>Correlator.Data.Generation</Filter>
    </None>
    <None Include="Correlator.Data.Generation\user.classes.replicode">
      <Filter>Correlator.Data.Generation</Filter>
    </None>
    <None Include="replicode_v1.1\helgi.replicode">
      <Filter>replicode_v1.1</Filter>
    </None>
    <None Include="replicode_v1.1\rgrp.user.classes.replicode">
      <Filter>replicode_v1.1</Filter>
    </None>
    <None Include="replicode_v1.1\std.replicode">
      <Filter>replicode_v1.1</Filter>
    </None>
    <None Include="replicode_v1.1\test.1.2011-04-13.v1_0.replicode">
      <Filter>replicode_v1.1</Filter>
    </None>
    <None Include="replicode_v1.1\test.1.replicode">
      <Filter>replicode_v1.1</Filter>
    </None>
    <None Include="replicode_v1.1\test.2.replicode">
      <Filter>replicode_v1.1</Filter>
    </None>
    <None Include="replicode_v1.1\test.3.replicode">
      <Filter>replicode_v1.1</Filter>
    </None>
    <None Include="replicode_v1.1\test.4.replicode">
      <Filter>replicode_v1.1</Filter>
    </None>
    <None Include="replicode_v1.1\test.5.replicode">
      <Filter>replicode_v1.1</Filter>
    </None>
    <None Include="replicode_v1.1\test.6.replicode">
      <Filter>replicode_v1.1</Filter>
    </None>
    <None Include="replicode_v1.1\test.7.replicode">
      <Filter>replicode_v1.1</Filter>
    </None>
    <None Include="replicode_v1.1\test.8.replicode">
      <Filter>replicode_v1.1</Filter>
    </None>
    <None Include="replicode_v1.1\test.9.replicode">
      <Filter>replicode_v1.1</Filter>
    </None>
    <None Include="replicode_v1.1\test.10.replicode">
      <Filter>replicode_v1.1</Filter>
    </None>
    <None Include="replicode_v1.1\test.11.replicode">
      <Filter>replicode_v1.1</Filter>
    </None>
    <None Include="replicode_v1.1\test.12.replicode">
      <Filter>replicode_v1.1</Filter>
    </None>
    <None Include="replicode_v1.1\test.13.replicode">
      <Filter>replicode_v1.1</Filter>
    </None>
    <None Include="replicode_v1.1\test.14.replicode">
      <Filter>replicode_v1.1</Filter>
    </None>
    <None Include="replicode_v1.1\test.15.replicode">
      <Filter>replicode_v1.1</Filter>
    </None>
    <None Include="replicode_v1.1\test.16.replicode">
      <Filter>replicode_v1.1</Filter>
    </None>
    <None Include="replicode_v1.1\test.17.replicode">
      <Filter>replicode_v1.1</Filter>
    </None>
    <None Include="replicode_v1.1\test.18.replicode">
      <Filter>replicode_v1.1</Filter>
    </None>
    <None Include="replicode_v1.1\test.19.replicode">
      <Filter>replicode_v1.1</Filter>
    </None>
    <None Include="replicode_v1.1\test.20.replicode">
      <Filter>replicode_v1.1</Filter>
    </None>
    <None Include="replicode_v1.1\test.21.replicode">
      <Filter>replicode_v1.1</Filter>
    </None>
    <None Include="replicode_v1.1\test.22.replicode">
      <Filter>replicode_v1.1</Filter>
    </None>
    <None Include="replicode_v1.1\test.23.replicode">
      <Filter>replicode_v1.1</Filter>
    </None>
    <None Include="replicode_v1.1\test.24.replicode">
      <Filter>replicode_v1.1</Filter>
    </None>
    <None Include="replicode_v1.1\test.25.replicode">
      <Filter>replicode_v1.1</Filter>
    </None>
    <None Include="replicode_v1.1\test.26.replicode">
      <Filter>replicode_v1.1</Filter>
    </None>
    <None Include="replicode_v1.1\test.helgi.replicode">
      <Filter>replicode_v1.1</Filter>
    </None>
    <None Include="replicode_v1.1\test.integration.replicode">
      <Filter>replicode_v1.1</Filter>
    </None>
    <None Include="replicode_v1.1\test.pm.var.replicode">
      <Filter>replicode_v1.1</Filter>
    </None>
    <None Include="replicode_v1.1\test.rgrp.1.replicode">
      <Filter>replicode_v1.1</Filter>
    </None>
    <None Include="replicode_v1.1\test.visualizer.replicode">
      <Filter>replicode_v1.1</Filter>
    </None>
    <None Include="replicode_v1.1\user.classes.replicode">
      <Filter>replicode_v1.1</Filter>
    </None>
    <None Include="replicode_v1.2\drives.replicode">
      <Filter>replicode_v1.2</Filter>
    </None>
    <None Include="replicode_v1.2\helgi.replicode">
      <Filter>replicode_v1.2</Filter>
    </None>
    <None Include="replicode_v1.2\hello.world.1.replicode">
      <Filter>replicode_v1.2</Filter>
    </None>
    <None Include="replicode_v1.2\hello.world.2.replicode">
      <Filter>replicode_v1.2</Filter>
    </None>
    <None Include="replicode_v1.2\hello.world.3.replicode">
      <Filter>replicode_v1.2</Filter>
    </None>
    <None Include="replicode_v1.2\hello.world.replicode">
      <Filter>replicode_v1.2</Filter>
    </None>
    <None Include="replicode_v1.2\main.replicode">
      <Filter>replicode_v1.2</Filter>
    </None>
    <None Include="replicode_v1.2\pattern.replicode">
      <Filter>replicode_v1.2</Filter>
    </None>
    <None Include="replicode_v1.2\pong.1.replicode">
      <Filter>replicode_v1.2</Filter>
    </None>
    <None Include="replicode_v1.2\pong.2.replicode">
      <Filter>replicode_v1.2</Filter>
    </None>
    <None Include="replicode_v1.2\pong.2.simplified.replicode">
      <Filter>replicode_v1.2</Filter>
    </None>
    <None Include="replicode_v1.2\pong.3.replicode">
      <Filter>replicode_v1.2</Filter>
    </None>
    <None Include="replicode_v1.2\pong.discrete.cmd.external.replicode">
      <Filter>replicode_v1.2</Filter>
    </None>
    <None Include="replicode_v1.2\std.replicode">
      <Filter>replicode_v1.2</Filter>
    </None>
    <None Include="replicode_v1.2\test.1.2011-04-13.v1_2.replicode">
      <Filter>replicode_v1.2</Filter>
    </None>
    <None Include="replicode_v1.2\test.1.replicode">
      <Filter>replicode_v1.2</Filter>
    </None>
    <None Include="replicode_v1.2\test.2.replicode">
      <Filter>replicode_v1.2</Filter>
    </None>
    <None Include="replicode_v1.2\test.3.replicode">
      <Filter>replicode_v1.2</Filter>
    </None>
    <None Include="replicode_v1.2\test.4.replicode">
      <Filter>replicode_v1.2</Filter>
    </None>
    <None Include="replicode_v1.2\test.domain.replicode">
      <Filter>replicode_v1.2</Filter>
    </None>
    <None Include="replicode_v1.2\test_cmd.replicode">
      <Filter>replicode_v1.2</Filter>
    </None>
    <None Include="replicode_v1.2\user.classes.replicode">
      <Filter>replicode_v1.2</Filter>
    </None>
    <None Include="replicode_v1.2\ball.external.replicode">
      <Filter>replicode_v1.2</Filter>
    </None>
    <None Include="replicode_v1.2\ball.goal.external.replicode">
      <Filter>replicode_v1.2</Filter>
    </None>
    <None Include="replicode_v1.2\hand-grab-sphere.replicode">
      <Filter>replicode_v1.2</Filter>
    </None>
    <None Include="replicode_v1.2\hand-grab-sphere-learn.replicode">
      <Filter>replicode_v1.2</Filter>
    </None>
    <None Include="replicode_v1.2\test.15.replicode">
      <Filter>replicode_v1.2</Filter>
    </None>
    <None Include="replicode_v1.2\clcc-figure8.replicode">
      <Filter>replicode_v1.2</Filter>
    </None>
    <None Include="replicode_v1.2\hand-grab-sphere-learn.external.replicode">
      <Filter>replicode_v1.2</Filter>
    </None>
    <None Include="IODevices\TCP\AERA_Protobuf\README.md" />
    <None Include="IODevices\TCP\AERA_Protobuf\tcp_data_message.proto" />
  </ItemGroup>
</Project>